
Microsoft Visual Studio Solution File, Format Version 12.00
# Visual Studio Version 17
VisualStudioVersion = 17.0.31903.59
MinimumVisualStudioVersion = 10.0.40219.1
Project("{FAE04EC0-301F-11D3-BF4B-00C04F79EFBC}") = "Automotores", "Automotores\Automotores.csproj", "{14C8A662-963E-4C53-98B8-4D93D7E400E7}"
EndProject
Project("{FAE04EC0-301F-11D3-BF4B-00C04F79EFBC}") = "ConsolaUI", "ConsolaUI\ConsolaUI.csproj", "{EF272D07-C487-4BA2-A15E-AB412DB2387A}"
EndProject
Global
	GlobalSection(SolutionConfigurationPlatforms) = preSolution
		Debug|Any CPU = Debug|Any CPU
		Release|Any CPU = Release|Any CPU
	EndGlobalSection
	GlobalSection(SolutionProperties) = preSolution
		HideSolutionNode = FALSE
	EndGlobalSection
	GlobalSection(ProjectConfigurationPlatforms) = postSolution
		{14C8A662-963E-4C53-98B8-4D93D7E400E7}.Debug|Any CPU.ActiveCfg = Debug|Any CPU
		{14C8A662-963E-4C53-98B8-4D93D7E400E7}.Debug|Any CPU.Build.0 = Debug|Any CPU
		{14C8A662-963E-4C53-98B8-4D93D7E400E7}.Release|Any CPU.ActiveCfg = Release|Any CPU
		{14C8A662-963E-4C53-98B8-4D93D7E400E7}.Release|Any CPU.Build.0 = Release|Any CPU
		{EF272D07-C487-4BA2-A15E-AB412DB2387A}.Debug|Any CPU.ActiveCfg = Debug|Any CPU
		{EF272D07-C487-4BA2-A15E-AB412DB2387A}.Debug|Any CPU.Build.0 = Debug|Any CPU
		{EF272D07-C487-4BA2-A15E-AB412DB2387A}.Release|Any CPU.ActiveCfg = Release|Any CPU
		{EF272D07-C487-4BA2-A15E-AB412DB2387A}.Release|Any CPU.Build.0 = Release|Any CPU
	EndGlobalSection
EndGlobal
