Microsoft Visual Studio Solution File, Format Version 12.00
# Visual Studio Version 17
VisualStudioVersion = 17.5.2.0
MinimumVisualStudioVersion = 10.0.40219.1
Project("{FAE04EC0-301F-11D3-BF4B-00C04F79EFBC}") = "toria-4", "toria-4.csproj", "{56416A42-1C59-E9C9-FF99-8F68002394DA}"
EndProject
Global
	GlobalSection(SolutionConfigurationPlatforms) = preSolution
		Debug|Any CPU = Debug|Any CPU
		Release|Any CPU = Release|Any CPU
	EndGlobalSection
	GlobalSection(ProjectConfigurationPlatforms) = postSolution
		{56416A42-1C59-E9C9-FF99-8F68002394DA}.Debug|Any CPU.ActiveCfg = Debug|Any CPU
		{56416A42-1C59-E9C9-FF99-8F68002394DA}.Debug|Any CPU.Build.0 = Debug|Any CPU
		{56416A42-1C59-E9C9-FF99-8F68002394DA}.Release|Any CPU.ActiveCfg = Release|Any CPU
		{56416A42-1C59-E9C9-FF99-8F68002394DA}.Release|Any CPU.Build.0 = Release|Any CPU
	EndGlobalSection
	GlobalSection(SolutionProperties) = preSolution
		HideSolutionNode = FALSE
	EndGlobalSection
	GlobalSection(ExtensibilityGlobals) = postSolution
		SolutionGuid = {683126A8-7A04-4038-B60B-5230180431E5}
	EndGlobalSection
EndGlobal
