Microsoft Visual Studio Solution File, Format Version 12.00
# Visual Studio Version 17
VisualStudioVersion = 17.5.2.0
MinimumVisualStudioVersion = 10.0.40219.1
Project("{FAE04EC0-301F-11D3-BF4B-00C04F79EFBC}") = "Teoria-7", "Teoria-7.csproj", "{AE9417B8-000F-9189-A87C-9A51CE278BF1}"
EndProject
Global
	GlobalSection(SolutionConfigurationPlatforms) = preSolution
		Debug|Any CPU = Debug|Any CPU
		Release|Any CPU = Release|Any CPU
	EndGlobalSection
	GlobalSection(ProjectConfigurationPlatforms) = postSolution
		{AE9417B8-000F-9189-A87C-9A51CE278BF1}.Debug|Any CPU.ActiveCfg = Debug|Any CPU
		{AE9417B8-000F-9189-A87C-9A51CE278BF1}.Debug|Any CPU.Build.0 = Debug|Any CPU
		{AE9417B8-000F-9189-A87C-9A51CE278BF1}.Release|Any CPU.ActiveCfg = Release|Any CPU
		{AE9417B8-000F-9189-A87C-9A51CE278BF1}.Release|Any CPU.Build.0 = Release|Any CPU
	EndGlobalSection
	GlobalSection(SolutionProperties) = preSolution
		HideSolutionNode = FALSE
	EndGlobalSection
	GlobalSection(ExtensibilityGlobals) = postSolution
		SolutionGuid = {D85571E9-D53A-4EC3-9606-2363C664A17F}
	EndGlobalSection
EndGlobal
